// !$*UTF8*$!
{
	archiveVersion = 1;
	classes = {
	};
	objectVersion = 55;
	objects = {

/* Begin PBXBuildFile section */
		93652404279501D500380BE4 /* PlayoffLeaderboardApp.swift in Sources */ = {isa = PBXBuildFile; fileRef = 93652403279501D500380BE4 /* PlayoffLeaderboardApp.swift */; };
		93652406279501D500380BE4 /* LoginView.swift in Sources */ = {isa = PBXBuildFile; fileRef = 93652405279501D500380BE4 /* LoginView.swift */; };
		93652408279501D700380BE4 /* Assets.xcassets in Resources */ = {isa = PBXBuildFile; fileRef = 93652407279501D700380BE4 /* Assets.xcassets */; };
		9365240B279501D700380BE4 /* Preview Assets.xcassets in Resources */ = {isa = PBXBuildFile; fileRef = 9365240A279501D700380BE4 /* Preview Assets.xcassets */; };
		93652415279501D700380BE4 /* PlayoffLeaderboardTests.swift in Sources */ = {isa = PBXBuildFile; fileRef = 93652414279501D700380BE4 /* PlayoffLeaderboardTests.swift */; };
		9365241F279501D700380BE4 /* PlayoffLeaderboardUITests.swift in Sources */ = {isa = PBXBuildFile; fileRef = 9365241E279501D700380BE4 /* PlayoffLeaderboardUITests.swift */; };
		93652421279501D700380BE4 /* PlayoffLeaderboardUITestsLaunchTests.swift in Sources */ = {isa = PBXBuildFile; fileRef = 93652420279501D700380BE4 /* PlayoffLeaderboardUITestsLaunchTests.swift */; };
		93652430279523F300380BE4 /* MflService.swift in Sources */ = {isa = PBXBuildFile; fileRef = 9365242F279523F300380BE4 /* MflService.swift */; };
		936524332796739E00380BE4 /* League.swift in Sources */ = {isa = PBXBuildFile; fileRef = 936524322796739E00380BE4 /* League.swift */; };
		936524352796822E00380BE4 /* ContentView.swift in Sources */ = {isa = PBXBuildFile; fileRef = 936524342796822E00380BE4 /* ContentView.swift */; };
		936524382796847C00380BE4 /* MflController.swift in Sources */ = {isa = PBXBuildFile; fileRef = 936524372796847C00380BE4 /* MflController.swift */; };
		9365243A2796857900380BE4 /* LeaguesView.swift in Sources */ = {isa = PBXBuildFile; fileRef = 936524392796857900380BE4 /* LeaguesView.swift */; };
		9365243C2797D1FA00380BE4 /* LeagueView.swift in Sources */ = {isa = PBXBuildFile; fileRef = 9365243B2797D1FA00380BE4 /* LeagueView.swift */; };
		936524412798DE4600380BE4 /* LoadingDialogView.swift in Sources */ = {isa = PBXBuildFile; fileRef = 936524402798DE4600380BE4 /* LoadingDialogView.swift */; };
		936524432798E33400380BE4 /* LeagueDetails.swift in Sources */ = {isa = PBXBuildFile; fileRef = 936524422798E33400380BE4 /* LeagueDetails.swift */; };
		936524452798F38800380BE4 /* LeagueStandings.swift in Sources */ = {isa = PBXBuildFile; fileRef = 936524442798F38800380BE4 /* LeagueStandings.swift */; };
		936524472798F63500380BE4 /* LiveScoring.swift in Sources */ = {isa = PBXBuildFile; fileRef = 936524462798F63500380BE4 /* LiveScoring.swift */; };
		93B2CDA927991FA700B864EA /* MflStatus.swift in Sources */ = {isa = PBXBuildFile; fileRef = 93B2CDA827991FA700B864EA /* MflStatus.swift */; };
		93B2CDAB279924C000B864EA /* LeagueScoringObj.swift in Sources */ = {isa = PBXBuildFile; fileRef = 93B2CDAA279924C000B864EA /* LeagueScoringObj.swift */; };
		93B2CDAF27992A2000B864EA /* LeagueLeaderboard.swift in Sources */ = {isa = PBXBuildFile; fileRef = 93B2CDAE27992A2000B864EA /* LeagueLeaderboard.swift */; };
		93B2CDB1279A691B00B864EA /* Players.swift in Sources */ = {isa = PBXBuildFile; fileRef = 93B2CDB0279A691B00B864EA /* Players.swift */; };
		93B2CDB4279A737800B864EA /* players.json in Resources */ = {isa = PBXBuildFile; fileRef = 93B2CDB3279A737800B864EA /* players.json */; };
		93B2CDB6279A765600B864EA /* FranchiseView.swift in Sources */ = {isa = PBXBuildFile; fileRef = 93B2CDB5279A765600B864EA /* FranchiseView.swift */; };
		93B2CDB8279A776100B864EA /* FranchiseLeaderboard.swift in Sources */ = {isa = PBXBuildFile; fileRef = 93B2CDB7279A776100B864EA /* FranchiseLeaderboard.swift */; };
/* End PBXBuildFile section */

/* Begin PBXContainerItemProxy section */
		93652411279501D700380BE4 /* PBXContainerItemProxy */ = {
			isa = PBXContainerItemProxy;
			containerPortal = 936523F8279501D500380BE4 /* Project object */;
			proxyType = 1;
			remoteGlobalIDString = 936523FF279501D500380BE4;
			remoteInfo = PlayoffLeaderboard;
		};
		9365241B279501D700380BE4 /* PBXContainerItemProxy */ = {
			isa = PBXContainerItemProxy;
			containerPortal = 936523F8279501D500380BE4 /* Project object */;
			proxyType = 1;
			remoteGlobalIDString = 936523FF279501D500380BE4;
			remoteInfo = PlayoffLeaderboard;
		};
/* End PBXContainerItemProxy section */

/* Begin PBXFileReference section */
		93652400279501D500380BE4 /* Playoffs.app */ = {isa = PBXFileReference; explicitFileType = wrapper.application; includeInIndex = 0; path = Playoffs.app; sourceTree = BUILT_PRODUCTS_DIR; };
		93652403279501D500380BE4 /* PlayoffLeaderboardApp.swift */ = {isa = PBXFileReference; lastKnownFileType = sourcecode.swift; path = PlayoffLeaderboardApp.swift; sourceTree = "<group>"; };
		93652405279501D500380BE4 /* LoginView.swift */ = {isa = PBXFileReference; lastKnownFileType = sourcecode.swift; path = LoginView.swift; sourceTree = "<group>"; };
		93652407279501D700380BE4 /* Assets.xcassets */ = {isa = PBXFileReference; lastKnownFileType = folder.assetcatalog; path = Assets.xcassets; sourceTree = "<group>"; };
		9365240A279501D700380BE4 /* Preview Assets.xcassets */ = {isa = PBXFileReference; lastKnownFileType = folder.assetcatalog; path = "Preview Assets.xcassets"; sourceTree = "<group>"; };
		93652410279501D700380BE4 /* PlayoffLeaderboardTests.xctest */ = {isa = PBXFileReference; explicitFileType = wrapper.cfbundle; includeInIndex = 0; path = PlayoffLeaderboardTests.xctest; sourceTree = BUILT_PRODUCTS_DIR; };
		93652414279501D700380BE4 /* PlayoffLeaderboardTests.swift */ = {isa = PBXFileReference; lastKnownFileType = sourcecode.swift; path = PlayoffLeaderboardTests.swift; sourceTree = "<group>"; };
		9365241A279501D700380BE4 /* PlayoffLeaderboardUITests.xctest */ = {isa = PBXFileReference; explicitFileType = wrapper.cfbundle; includeInIndex = 0; path = PlayoffLeaderboardUITests.xctest; sourceTree = BUILT_PRODUCTS_DIR; };
		9365241E279501D700380BE4 /* PlayoffLeaderboardUITests.swift */ = {isa = PBXFileReference; lastKnownFileType = sourcecode.swift; path = PlayoffLeaderboardUITests.swift; sourceTree = "<group>"; };
		93652420279501D700380BE4 /* PlayoffLeaderboardUITestsLaunchTests.swift */ = {isa = PBXFileReference; lastKnownFileType = sourcecode.swift; path = PlayoffLeaderboardUITestsLaunchTests.swift; sourceTree = "<group>"; };
		9365242F279523F300380BE4 /* MflService.swift */ = {isa = PBXFileReference; lastKnownFileType = sourcecode.swift; path = MflService.swift; sourceTree = "<group>"; };
		936524322796739E00380BE4 /* League.swift */ = {isa = PBXFileReference; lastKnownFileType = sourcecode.swift; path = League.swift; sourceTree = "<group>"; };
		936524342796822E00380BE4 /* ContentView.swift */ = {isa = PBXFileReference; lastKnownFileType = sourcecode.swift; path = ContentView.swift; sourceTree = "<group>"; };
		936524372796847C00380BE4 /* MflController.swift */ = {isa = PBXFileReference; lastKnownFileType = sourcecode.swift; path = MflController.swift; sourceTree = "<group>"; };
		936524392796857900380BE4 /* LeaguesView.swift */ = {isa = PBXFileReference; lastKnownFileType = sourcecode.swift; path = LeaguesView.swift; sourceTree = "<group>"; };
		9365243B2797D1FA00380BE4 /* LeagueView.swift */ = {isa = PBXFileReference; lastKnownFileType = sourcecode.swift; path = LeagueView.swift; sourceTree = "<group>"; };
		936524402798DE4600380BE4 /* LoadingDialogView.swift */ = {isa = PBXFileReference; lastKnownFileType = sourcecode.swift; path = LoadingDialogView.swift; sourceTree = "<group>"; };
		936524422798E33400380BE4 /* LeagueDetails.swift */ = {isa = PBXFileReference; lastKnownFileType = sourcecode.swift; path = LeagueDetails.swift; sourceTree = "<group>"; };
		936524442798F38800380BE4 /* LeagueStandings.swift */ = {isa = PBXFileReference; lastKnownFileType = sourcecode.swift; path = LeagueStandings.swift; sourceTree = "<group>"; };
		936524462798F63500380BE4 /* LiveScoring.swift */ = {isa = PBXFileReference; lastKnownFileType = sourcecode.swift; path = LiveScoring.swift; sourceTree = "<group>"; };
		93B2CDA827991FA700B864EA /* MflStatus.swift */ = {isa = PBXFileReference; lastKnownFileType = sourcecode.swift; path = MflStatus.swift; sourceTree = "<group>"; };
		93B2CDAA279924C000B864EA /* LeagueScoringObj.swift */ = {isa = PBXFileReference; lastKnownFileType = sourcecode.swift; path = LeagueScoringObj.swift; sourceTree = "<group>"; };
		93B2CDAE27992A2000B864EA /* LeagueLeaderboard.swift */ = {isa = PBXFileReference; lastKnownFileType = sourcecode.swift; path = LeagueLeaderboard.swift; sourceTree = "<group>"; };
		93B2CDB0279A691B00B864EA /* Players.swift */ = {isa = PBXFileReference; lastKnownFileType = sourcecode.swift; path = Players.swift; sourceTree = "<group>"; };
		93B2CDB3279A737800B864EA /* players.json */ = {isa = PBXFileReference; fileEncoding = 4; lastKnownFileType = text.json; name = players.json; path = ../../../../Downloads/players.json; sourceTree = "<group>"; };
		93B2CDB5279A765600B864EA /* FranchiseView.swift */ = {isa = PBXFileReference; lastKnownFileType = sourcecode.swift; path = FranchiseView.swift; sourceTree = "<group>"; };
		93B2CDB7279A776100B864EA /* FranchiseLeaderboard.swift */ = {isa = PBXFileReference; lastKnownFileType = sourcecode.swift; path = FranchiseLeaderboard.swift; sourceTree = "<group>"; };
		93B2CDB9279BB12700B864EA /* Info.plist */ = {isa = PBXFileReference; lastKnownFileType = text.plist; path = Info.plist; sourceTree = "<group>"; };
/* End PBXFileReference section */

/* Begin PBXFrameworksBuildPhase section */
		936523FD279501D500380BE4 /* Frameworks */ = {
			isa = PBXFrameworksBuildPhase;
			buildActionMask = 2147483647;
			files = (
			);
			runOnlyForDeploymentPostprocessing = 0;
		};
		9365240D279501D700380BE4 /* Frameworks */ = {
			isa = PBXFrameworksBuildPhase;
			buildActionMask = 2147483647;
			files = (
			);
			runOnlyForDeploymentPostprocessing = 0;
		};
		93652417279501D700380BE4 /* Frameworks */ = {
			isa = PBXFrameworksBuildPhase;
			buildActionMask = 2147483647;
			files = (
			);
			runOnlyForDeploymentPostprocessing = 0;
		};
/* End PBXFrameworksBuildPhase section */

/* Begin PBXGroup section */
		936523F7279501D500380BE4 = {
			isa = PBXGroup;
			children = (
				93652402279501D500380BE4 /* PlayoffLeaderboard */,
				93652413279501D700380BE4 /* PlayoffLeaderboardTests */,
				9365241D279501D700380BE4 /* PlayoffLeaderboardUITests */,
				93652401279501D500380BE4 /* Products */,
			);
			sourceTree = "<group>";
		};
		93652401279501D500380BE4 /* Products */ = {
			isa = PBXGroup;
			children = (
				93652400279501D500380BE4 /* Playoffs.app */,
				93652410279501D700380BE4 /* PlayoffLeaderboardTests.xctest */,
				9365241A279501D700380BE4 /* PlayoffLeaderboardUITests.xctest */,
			);
			name = Products;
			sourceTree = "<group>";
		};
		93652402279501D500380BE4 /* PlayoffLeaderboard */ = {
			isa = PBXGroup;
			children = (
				93B2CDB9279BB12700B864EA /* Info.plist */,
				93B2CDB2279A736000B864EA /* Resources */,
				936524312796738900380BE4 /* Model */,
				93652407279501D700380BE4 /* Assets.xcassets */,
				9365242E2795239A00380BE4 /* UI */,
				9365242D2795238A00380BE4 /* Services */,
				936524362796843F00380BE4 /* Controllers */,
				93652409279501D700380BE4 /* Preview Content */,
			);
			path = PlayoffLeaderboard;
			sourceTree = "<group>";
		};
		93652409279501D700380BE4 /* Preview Content */ = {
			isa = PBXGroup;
			children = (
				9365240A279501D700380BE4 /* Preview Assets.xcassets */,
			);
			path = "Preview Content";
			sourceTree = "<group>";
		};
		93652413279501D700380BE4 /* PlayoffLeaderboardTests */ = {
			isa = PBXGroup;
			children = (
				93652414279501D700380BE4 /* PlayoffLeaderboardTests.swift */,
			);
			path = PlayoffLeaderboardTests;
			sourceTree = "<group>";
		};
		9365241D279501D700380BE4 /* PlayoffLeaderboardUITests */ = {
			isa = PBXGroup;
			children = (
				9365241E279501D700380BE4 /* PlayoffLeaderboardUITests.swift */,
				93652420279501D700380BE4 /* PlayoffLeaderboardUITestsLaunchTests.swift */,
			);
			path = PlayoffLeaderboardUITests;
			sourceTree = "<group>";
		};
		9365242D2795238A00380BE4 /* Services */ = {
			isa = PBXGroup;
			children = (
				9365242F279523F300380BE4 /* MflService.swift */,
			);
			path = Services;
			sourceTree = "<group>";
		};
		9365242E2795239A00380BE4 /* UI */ = {
			isa = PBXGroup;
			children = (
				9365243F2798DE0A00380BE4 /* Root */,
				9365243E2798DDF800380BE4 /* Pages */,
				9365243D2798DDE700380BE4 /* Components */,
			);
			path = UI;
			sourceTree = "<group>";
		};
		936524312796738900380BE4 /* Model */ = {
			isa = PBXGroup;
			children = (
				93B2CDA827991FA700B864EA /* MflStatus.swift */,
				936524322796739E00380BE4 /* League.swift */,
				936524422798E33400380BE4 /* LeagueDetails.swift */,
				936524442798F38800380BE4 /* LeagueStandings.swift */,
				936524462798F63500380BE4 /* LiveScoring.swift */,
				93B2CDB0279A691B00B864EA /* Players.swift */,
				93B2CDAA279924C000B864EA /* LeagueScoringObj.swift */,
				93B2CDAE27992A2000B864EA /* LeagueLeaderboard.swift */,
				93B2CDB7279A776100B864EA /* FranchiseLeaderboard.swift */,
			);
			path = Model;
			sourceTree = "<group>";
		};
		936524362796843F00380BE4 /* Controllers */ = {
			isa = PBXGroup;
			children = (
				936524372796847C00380BE4 /* MflController.swift */,
			);
			path = Controllers;
			sourceTree = "<group>";
		};
		9365243D2798DDE700380BE4 /* Components */ = {
			isa = PBXGroup;
			children = (
				936524402798DE4600380BE4 /* LoadingDialogView.swift */,
			);
			path = Components;
			sourceTree = "<group>";
		};
		9365243E2798DDF800380BE4 /* Pages */ = {
			isa = PBXGroup;
			children = (
				93652405279501D500380BE4 /* LoginView.swift */,
				936524392796857900380BE4 /* LeaguesView.swift */,
				9365243B2797D1FA00380BE4 /* LeagueView.swift */,
				93B2CDB5279A765600B864EA /* FranchiseView.swift */,
			);
			path = Pages;
			sourceTree = "<group>";
		};
		9365243F2798DE0A00380BE4 /* Root */ = {
			isa = PBXGroup;
			children = (
				93652403279501D500380BE4 /* PlayoffLeaderboardApp.swift */,
				936524342796822E00380BE4 /* ContentView.swift */,
			);
			path = Root;
			sourceTree = "<group>";
		};
		93B2CDB2279A736000B864EA /* Resources */ = {
			isa = PBXGroup;
			children = (
				93B2CDB3279A737800B864EA /* players.json */,
			);
			path = Resources;
			sourceTree = "<group>";
		};
/* End PBXGroup section */

/* Begin PBXNativeTarget section */
		936523FF279501D500380BE4 /* PlayoffLeaderboard */ = {
			isa = PBXNativeTarget;
			buildConfigurationList = 93652424279501D700380BE4 /* Build configuration list for PBXNativeTarget "PlayoffLeaderboard" */;
			buildPhases = (
				936523FC279501D500380BE4 /* Sources */,
				936523FD279501D500380BE4 /* Frameworks */,
				936523FE279501D500380BE4 /* Resources */,
			);
			buildRules = (
			);
			dependencies = (
			);
			name = PlayoffLeaderboard;
			productName = PlayoffLeaderboard;
			productReference = 93652400279501D500380BE4 /* Playoffs.app */;
			productType = "com.apple.product-type.application";
		};
		9365240F279501D700380BE4 /* PlayoffLeaderboardTests */ = {
			isa = PBXNativeTarget;
			buildConfigurationList = 93652427279501D700380BE4 /* Build configuration list for PBXNativeTarget "PlayoffLeaderboardTests" */;
			buildPhases = (
				9365240C279501D700380BE4 /* Sources */,
				9365240D279501D700380BE4 /* Frameworks */,
				9365240E279501D700380BE4 /* Resources */,
			);
			buildRules = (
			);
			dependencies = (
				93652412279501D700380BE4 /* PBXTargetDependency */,
			);
			name = PlayoffLeaderboardTests;
			productName = PlayoffLeaderboardTests;
			productReference = 93652410279501D700380BE4 /* PlayoffLeaderboardTests.xctest */;
			productType = "com.apple.product-type.bundle.unit-test";
		};
		93652419279501D700380BE4 /* PlayoffLeaderboardUITests */ = {
			isa = PBXNativeTarget;
			buildConfigurationList = 9365242A279501D700380BE4 /* Build configuration list for PBXNativeTarget "PlayoffLeaderboardUITests" */;
			buildPhases = (
				93652416279501D700380BE4 /* Sources */,
				93652417279501D700380BE4 /* Frameworks */,
				93652418279501D700380BE4 /* Resources */,
			);
			buildRules = (
			);
			dependencies = (
				9365241C279501D700380BE4 /* PBXTargetDependency */,
			);
			name = PlayoffLeaderboardUITests;
			productName = PlayoffLeaderboardUITests;
			productReference = 9365241A279501D700380BE4 /* PlayoffLeaderboardUITests.xctest */;
			productType = "com.apple.product-type.bundle.ui-testing";
		};
/* End PBXNativeTarget section */

/* Begin PBXProject section */
		936523F8279501D500380BE4 /* Project object */ = {
			isa = PBXProject;
			attributes = {
				BuildIndependentTargetsInParallel = 1;
				LastSwiftUpdateCheck = 1320;
				LastUpgradeCheck = 1320;
				TargetAttributes = {
					936523FF279501D500380BE4 = {
						CreatedOnToolsVersion = 13.2.1;
					};
					9365240F279501D700380BE4 = {
						CreatedOnToolsVersion = 13.2.1;
						TestTargetID = 936523FF279501D500380BE4;
					};
					93652419279501D700380BE4 = {
						CreatedOnToolsVersion = 13.2.1;
						TestTargetID = 936523FF279501D500380BE4;
					};
				};
			};
			buildConfigurationList = 936523FB279501D500380BE4 /* Build configuration list for PBXProject "PlayoffLeaderboard" */;
			compatibilityVersion = "Xcode 13.0";
			developmentRegion = en;
			hasScannedForEncodings = 0;
			knownRegions = (
				en,
				Base,
			);
			mainGroup = 936523F7279501D500380BE4;
			productRefGroup = 93652401279501D500380BE4 /* Products */;
			projectDirPath = "";
			projectRoot = "";
			targets = (
				936523FF279501D500380BE4 /* PlayoffLeaderboard */,
				9365240F279501D700380BE4 /* PlayoffLeaderboardTests */,
				93652419279501D700380BE4 /* PlayoffLeaderboardUITests */,
			);
		};
/* End PBXProject section */

/* Begin PBXResourcesBuildPhase section */
		936523FE279501D500380BE4 /* Resources */ = {
			isa = PBXResourcesBuildPhase;
			buildActionMask = 2147483647;
			files = (
				9365240B279501D700380BE4 /* Preview Assets.xcassets in Resources */,
				93652408279501D700380BE4 /* Assets.xcassets in Resources */,
				93B2CDB4279A737800B864EA /* players.json in Resources */,
			);
			runOnlyForDeploymentPostprocessing = 0;
		};
		9365240E279501D700380BE4 /* Resources */ = {
			isa = PBXResourcesBuildPhase;
			buildActionMask = 2147483647;
			files = (
			);
			runOnlyForDeploymentPostprocessing = 0;
		};
		93652418279501D700380BE4 /* Resources */ = {
			isa = PBXResourcesBuildPhase;
			buildActionMask = 2147483647;
			files = (
			);
			runOnlyForDeploymentPostprocessing = 0;
		};
/* End PBXResourcesBuildPhase section */

/* Begin PBXSourcesBuildPhase section */
		936523FC279501D500380BE4 /* Sources */ = {
			isa = PBXSourcesBuildPhase;
			buildActionMask = 2147483647;
			files = (
				93652430279523F300380BE4 /* MflService.swift in Sources */,
				936524472798F63500380BE4 /* LiveScoring.swift in Sources */,
				9365243C2797D1FA00380BE4 /* LeagueView.swift in Sources */,
				936524352796822E00380BE4 /* ContentView.swift in Sources */,
				936524382796847C00380BE4 /* MflController.swift in Sources */,
				93652406279501D500380BE4 /* LoginView.swift in Sources */,
				93B2CDAB279924C000B864EA /* LeagueScoringObj.swift in Sources */,
				93B2CDB8279A776100B864EA /* FranchiseLeaderboard.swift in Sources */,
				9365243A2796857900380BE4 /* LeaguesView.swift in Sources */,
				93B2CDB1279A691B00B864EA /* Players.swift in Sources */,
				936524332796739E00380BE4 /* League.swift in Sources */,
				93B2CDAF27992A2000B864EA /* LeagueLeaderboard.swift in Sources */,
				93B2CDB6279A765600B864EA /* FranchiseView.swift in Sources */,
				936524432798E33400380BE4 /* LeagueDetails.swift in Sources */,
				936524412798DE4600380BE4 /* LoadingDialogView.swift in Sources */,
				93B2CDA927991FA700B864EA /* MflStatus.swift in Sources */,
				936524452798F38800380BE4 /* LeagueStandings.swift in Sources */,
				93652404279501D500380BE4 /* PlayoffLeaderboardApp.swift in Sources */,
			);
			runOnlyForDeploymentPostprocessing = 0;
		};
		9365240C279501D700380BE4 /* Sources */ = {
			isa = PBXSourcesBuildPhase;
			buildActionMask = 2147483647;
			files = (
				93652415279501D700380BE4 /* PlayoffLeaderboardTests.swift in Sources */,
			);
			runOnlyForDeploymentPostprocessing = 0;
		};
		93652416279501D700380BE4 /* Sources */ = {
			isa = PBXSourcesBuildPhase;
			buildActionMask = 2147483647;
			files = (
				93652421279501D700380BE4 /* PlayoffLeaderboardUITestsLaunchTests.swift in Sources */,
				9365241F279501D700380BE4 /* PlayoffLeaderboardUITests.swift in Sources */,
			);
			runOnlyForDeploymentPostprocessing = 0;
		};
/* End PBXSourcesBuildPhase section */

/* Begin PBXTargetDependency section */
		93652412279501D700380BE4 /* PBXTargetDependency */ = {
			isa = PBXTargetDependency;
			target = 936523FF279501D500380BE4 /* PlayoffLeaderboard */;
			targetProxy = 93652411279501D700380BE4 /* PBXContainerItemProxy */;
		};
		9365241C279501D700380BE4 /* PBXTargetDependency */ = {
			isa = PBXTargetDependency;
			target = 936523FF279501D500380BE4 /* PlayoffLeaderboard */;
			targetProxy = 9365241B279501D700380BE4 /* PBXContainerItemProxy */;
		};
/* End PBXTargetDependency section */

/* Begin XCBuildConfiguration section */
		93652422279501D700380BE4 /* Debug */ = {
			isa = XCBuildConfiguration;
			buildSettings = {
				ALWAYS_SEARCH_USER_PATHS = NO;
				CLANG_ANALYZER_NONNULL = YES;
				CLANG_ANALYZER_NUMBER_OBJECT_CONVERSION = YES_AGGRESSIVE;
				CLANG_CXX_LANGUAGE_STANDARD = "gnu++17";
				CLANG_CXX_LIBRARY = "libc++";
				CLANG_ENABLE_MODULES = YES;
				CLANG_ENABLE_OBJC_ARC = YES;
				CLANG_ENABLE_OBJC_WEAK = YES;
				CLANG_WARN_BLOCK_CAPTURE_AUTORELEASING = YES;
				CLANG_WARN_BOOL_CONVERSION = YES;
				CLANG_WARN_COMMA = YES;
				CLANG_WARN_CONSTANT_CONVERSION = YES;
				CLANG_WARN_DEPRECATED_OBJC_IMPLEMENTATIONS = YES;
				CLANG_WARN_DIRECT_OBJC_ISA_USAGE = YES_ERROR;
				CLANG_WARN_DOCUMENTATION_COMMENTS = YES;
				CLANG_WARN_EMPTY_BODY = YES;
				CLANG_WARN_ENUM_CONVERSION = YES;
				CLANG_WARN_INFINITE_RECURSION = YES;
				CLANG_WARN_INT_CONVERSION = YES;
				CLANG_WARN_NON_LITERAL_NULL_CONVERSION = YES;
				CLANG_WARN_OBJC_IMPLICIT_RETAIN_SELF = YES;
				CLANG_WARN_OBJC_LITERAL_CONVERSION = YES;
				CLANG_WARN_OBJC_ROOT_CLASS = YES_ERROR;
				CLANG_WARN_QUOTED_INCLUDE_IN_FRAMEWORK_HEADER = YES;
				CLANG_WARN_RANGE_LOOP_ANALYSIS = YES;
				CLANG_WARN_STRICT_PROTOTYPES = YES;
				CLANG_WARN_SUSPICIOUS_MOVE = YES;
				CLANG_WARN_UNGUARDED_AVAILABILITY = YES_AGGRESSIVE;
				CLANG_WARN_UNREACHABLE_CODE = YES;
				CLANG_WARN__DUPLICATE_METHOD_MATCH = YES;
				COPY_PHASE_STRIP = NO;
				DEBUG_INFORMATION_FORMAT = dwarf;
				ENABLE_STRICT_OBJC_MSGSEND = YES;
				ENABLE_TESTABILITY = YES;
				GCC_C_LANGUAGE_STANDARD = gnu11;
				GCC_DYNAMIC_NO_PIC = NO;
				GCC_NO_COMMON_BLOCKS = YES;
				GCC_OPTIMIZATION_LEVEL = 0;
				GCC_PREPROCESSOR_DEFINITIONS = (
					"DEBUG=1",
					"$(inherited)",
				);
				GCC_WARN_64_TO_32_BIT_CONVERSION = YES;
				GCC_WARN_ABOUT_RETURN_TYPE = YES_ERROR;
				GCC_WARN_UNDECLARED_SELECTOR = YES;
				GCC_WARN_UNINITIALIZED_AUTOS = YES_AGGRESSIVE;
				GCC_WARN_UNUSED_FUNCTION = YES;
				GCC_WARN_UNUSED_VARIABLE = YES;
				IPHONEOS_DEPLOYMENT_TARGET = 15.0;
				MTL_ENABLE_DEBUG_INFO = INCLUDE_SOURCE;
				MTL_FAST_MATH = YES;
				ONLY_ACTIVE_ARCH = YES;
				SDKROOT = iphoneos;
				SWIFT_ACTIVE_COMPILATION_CONDITIONS = DEBUG;
				SWIFT_OPTIMIZATION_LEVEL = "-Onone";
			};
			name = Debug;
		};
		93652423279501D700380BE4 /* Release */ = {
			isa = XCBuildConfiguration;
			buildSettings = {
				ALWAYS_SEARCH_USER_PATHS = NO;
				CLANG_ANALYZER_NONNULL = YES;
				CLANG_ANALYZER_NUMBER_OBJECT_CONVERSION = YES_AGGRESSIVE;
				CLANG_CXX_LANGUAGE_STANDARD = "gnu++17";
				CLANG_CXX_LIBRARY = "libc++";
				CLANG_ENABLE_MODULES = YES;
				CLANG_ENABLE_OBJC_ARC = YES;
				CLANG_ENABLE_OBJC_WEAK = YES;
				CLANG_WARN_BLOCK_CAPTURE_AUTORELEASING = YES;
				CLANG_WARN_BOOL_CONVERSION = YES;
				CLANG_WARN_COMMA = YES;
				CLANG_WARN_CONSTANT_CONVERSION = YES;
				CLANG_WARN_DEPRECATED_OBJC_IMPLEMENTATIONS = YES;
				CLANG_WARN_DIRECT_OBJC_ISA_USAGE = YES_ERROR;
				CLANG_WARN_DOCUMENTATION_COMMENTS = YES;
				CLANG_WARN_EMPTY_BODY = YES;
				CLANG_WARN_ENUM_CONVERSION = YES;
				CLANG_WARN_INFINITE_RECURSION = YES;
				CLANG_WARN_INT_CONVERSION = YES;
				CLANG_WARN_NON_LITERAL_NULL_CONVERSION = YES;
				CLANG_WARN_OBJC_IMPLICIT_RETAIN_SELF = YES;
				CLANG_WARN_OBJC_LITERAL_CONVERSION = YES;
				CLANG_WARN_OBJC_ROOT_CLASS = YES_ERROR;
				CLANG_WARN_QUOTED_INCLUDE_IN_FRAMEWORK_HEADER = YES;
				CLANG_WARN_RANGE_LOOP_ANALYSIS = YES;
				CLANG_WARN_STRICT_PROTOTYPES = YES;
				CLANG_WARN_SUSPICIOUS_MOVE = YES;
				CLANG_WARN_UNGUARDED_AVAILABILITY = YES_AGGRESSIVE;
				CLANG_WARN_UNREACHABLE_CODE = YES;
				CLANG_WARN__DUPLICATE_METHOD_MATCH = YES;
				COPY_PHASE_STRIP = NO;
				DEBUG_INFORMATION_FORMAT = "dwarf-with-dsym";
				ENABLE_NS_ASSERTIONS = NO;
				ENABLE_STRICT_OBJC_MSGSEND = YES;
				GCC_C_LANGUAGE_STANDARD = gnu11;
				GCC_NO_COMMON_BLOCKS = YES;
				GCC_WARN_64_TO_32_BIT_CONVERSION = YES;
				GCC_WARN_ABOUT_RETURN_TYPE = YES_ERROR;
				GCC_WARN_UNDECLARED_SELECTOR = YES;
				GCC_WARN_UNINITIALIZED_AUTOS = YES_AGGRESSIVE;
				GCC_WARN_UNUSED_FUNCTION = YES;
				GCC_WARN_UNUSED_VARIABLE = YES;
				IPHONEOS_DEPLOYMENT_TARGET = 15.0;
				MTL_ENABLE_DEBUG_INFO = NO;
				MTL_FAST_MATH = YES;
				SDKROOT = iphoneos;
				SWIFT_COMPILATION_MODE = wholemodule;
				SWIFT_OPTIMIZATION_LEVEL = "-O";
				VALIDATE_PRODUCT = YES;
			};
			name = Release;
		};
		93652425279501D700380BE4 /* Debug */ = {
			isa = XCBuildConfiguration;
			buildSettings = {
				ASSETCATALOG_COMPILER_APPICON_NAME = AppIcon;
				ASSETCATALOG_COMPILER_GLOBAL_ACCENT_COLOR_NAME = AccentColor;
				CODE_SIGN_STYLE = Automatic;
				CURRENT_PROJECT_VERSION = 2;
				DEVELOPMENT_ASSET_PATHS = "\"PlayoffLeaderboard/Preview Content\"";
				DEVELOPMENT_TEAM = 69C6NS9PP5;
				ENABLE_PREVIEWS = YES;
				GENERATE_INFOPLIST_FILE = YES;
				INFOPLIST_FILE = PlayoffLeaderboard/Info.plist;
				INFOPLIST_KEY_UIApplicationSceneManifest_Generation = YES;
				INFOPLIST_KEY_UIApplicationSupportsIndirectInputEvents = YES;
				INFOPLIST_KEY_UILaunchScreen_Generation = YES;
				INFOPLIST_KEY_UISupportedInterfaceOrientations_iPad = "UIInterfaceOrientationPortrait UIInterfaceOrientationPortraitUpsideDown UIInterfaceOrientationLandscapeLeft UIInterfaceOrientationLandscapeRight";
				INFOPLIST_KEY_UISupportedInterfaceOrientations_iPhone = "UIInterfaceOrientationPortrait UIInterfaceOrientationLandscapeLeft UIInterfaceOrientationLandscapeRight";
				IPHONEOS_DEPLOYMENT_TARGET = 15.0;
				LD_RUNPATH_SEARCH_PATHS = (
					"$(inherited)",
					"@executable_path/Frameworks",
				);
				MARKETING_VERSION = 1.0.1;
				PRODUCT_BUNDLE_IDENTIFIER = com.davidandanita.PlayoffLeaderboard;
				PRODUCT_NAME = Playoffs;
				SWIFT_EMIT_LOC_STRINGS = YES;
				SWIFT_VERSION = 5.0;
				TARGETED_DEVICE_FAMILY = "1,2";
			};
			name = Debug;
		};
		93652426279501D700380BE4 /* Release */ = {
			isa = XCBuildConfiguration;
			buildSettings = {
				ASSETCATALOG_COMPILER_APPICON_NAME = AppIcon;
				ASSETCATALOG_COMPILER_GLOBAL_ACCENT_COLOR_NAME = AccentColor;
				CODE_SIGN_STYLE = Automatic;
				CURRENT_PROJECT_VERSION = 2;
				DEVELOPMENT_ASSET_PATHS = "\"PlayoffLeaderboard/Preview Content\"";
				DEVELOPMENT_TEAM = 69C6NS9PP5;
				ENABLE_PREVIEWS = YES;
				GENERATE_INFOPLIST_FILE = YES;
				INFOPLIST_FILE = PlayoffLeaderboard/Info.plist;
				INFOPLIST_KEY_UIApplicationSceneManifest_Generation = YES;
				INFOPLIST_KEY_UIApplicationSupportsIndirectInputEvents = YES;
				INFOPLIST_KEY_UILaunchScreen_Generation = YES;
				INFOPLIST_KEY_UISupportedInterfaceOrientations_iPad = "UIInterfaceOrientationPortrait UIInterfaceOrientationPortraitUpsideDown UIInterfaceOrientationLandscapeLeft UIInterfaceOrientationLandscapeRight";
				INFOPLIST_KEY_UISupportedInterfaceOrientations_iPhone = "UIInterfaceOrientationPortrait UIInterfaceOrientationLandscapeLeft UIInterfaceOrientationLandscapeRight";
				IPHONEOS_DEPLOYMENT_TARGET = 15.0;
				LD_RUNPATH_SEARCH_PATHS = (
					"$(inherited)",
					"@executable_path/Frameworks",
				);
				MARKETING_VERSION = 1.0.1;
				PRODUCT_BUNDLE_IDENTIFIER = com.davidandanita.PlayoffLeaderboard;
				PRODUCT_NAME = Playoffs;
				SWIFT_EMIT_LOC_STRINGS = YES;
				SWIFT_VERSION = 5.0;
				TARGETED_DEVICE_FAMILY = "1,2";
			};
			name = Release;
		};
		93652428279501D700380BE4 /* Debug */ = {
			isa = XCBuildConfiguration;
			buildSettings = {
				ALWAYS_EMBED_SWIFT_STANDARD_LIBRARIES = YES;
				BUNDLE_LOADER = "$(TEST_HOST)";
				CODE_SIGN_STYLE = Automatic;
				CURRENT_PROJECT_VERSION = 1;
				DEVELOPMENT_TEAM = 69C6NS9PP5;
				GENERATE_INFOPLIST_FILE = YES;
				IPHONEOS_DEPLOYMENT_TARGET = 15.2;
				MARKETING_VERSION = 1.0;
				PRODUCT_BUNDLE_IDENTIFIER = com.davidandanita.PlayoffLeaderboardTests;
				PRODUCT_NAME = "$(TARGET_NAME)";
				SWIFT_EMIT_LOC_STRINGS = NO;
				SWIFT_VERSION = 5.0;
				TARGETED_DEVICE_FAMILY = "1,2";
				TEST_HOST = "$(BUILT_PRODUCTS_DIR)/PlayoffLeaderboard.app/PlayoffLeaderboard";
			};
			name = Debug;
		};
		93652429279501D700380BE4 /* Release */ = {
			isa = XCBuildConfiguration;
			buildSettings = {
				ALWAYS_EMBED_SWIFT_STANDARD_LIBRARIES = YES;
				BUNDLE_LOADER = "$(TEST_HOST)";
				CODE_SIGN_STYLE = Automatic;
				CURRENT_PROJECT_VERSION = 1;
				DEVELOPMENT_TEAM = 69C6NS9PP5;
				GENERATE_INFOPLIST_FILE = YES;
				IPHONEOS_DEPLOYMENT_TARGET = 15.2;
				MARKETING_VERSION = 1.0;
				PRODUCT_BUNDLE_IDENTIFIER = com.davidandanita.PlayoffLeaderboardTests;
				PRODUCT_NAME = "$(TARGET_NAME)";
				SWIFT_EMIT_LOC_STRINGS = NO;
				SWIFT_VERSION = 5.0;
				TARGETED_DEVICE_FAMILY = "1,2";
				TEST_HOST = "$(BUILT_PRODUCTS_DIR)/PlayoffLeaderboard.app/PlayoffLeaderboard";
			};
			name = Release;
		};
		9365242B279501D700380BE4 /* Debug */ = {
			isa = XCBuildConfiguration;
			buildSettings = {
				ALWAYS_EMBED_SWIFT_STANDARD_LIBRARIES = YES;
				CODE_SIGN_STYLE = Automatic;
				CURRENT_PROJECT_VERSION = 1;
				DEVELOPMENT_TEAM = 69C6NS9PP5;
				GENERATE_INFOPLIST_FILE = YES;
				MARKETING_VERSION = 1.0;
				PRODUCT_BUNDLE_IDENTIFIER = com.davidandanita.PlayoffLeaderboardUITests;
				PRODUCT_NAME = "$(TARGET_NAME)";
				SWIFT_EMIT_LOC_STRINGS = NO;
				SWIFT_VERSION = 5.0;
				TARGETED_DEVICE_FAMILY = "1,2";
				TEST_TARGET_NAME = PlayoffLeaderboard;
			};
			name = Debug;
		};
		9365242C279501D700380BE4 /* Release */ = {
			isa = XCBuildConfiguration;
			buildSettings = {
				ALWAYS_EMBED_SWIFT_STANDARD_LIBRARIES = YES;
				CODE_SIGN_STYLE = Automatic;
				CURRENT_PROJECT_VERSION = 1;
				DEVELOPMENT_TEAM = 69C6NS9PP5;
				GENERATE_INFOPLIST_FILE = YES;
				MARKETING_VERSION = 1.0;
				PRODUCT_BUNDLE_IDENTIFIER = com.davidandanita.PlayoffLeaderboardUITests;
				PRODUCT_NAME = "$(TARGET_NAME)";
				SWIFT_EMIT_LOC_STRINGS = NO;
				SWIFT_VERSION = 5.0;
				TARGETED_DEVICE_FAMILY = "1,2";
				TEST_TARGET_NAME = PlayoffLeaderboard;
			};
			name = Release;
		};
/* End XCBuildConfiguration section */

/* Begin XCConfigurationList section */
		936523FB279501D500380BE4 /* Build configuration list for PBXProject "PlayoffLeaderboard" */ = {
			isa = XCConfigurationList;
			buildConfigurations = (
				93652422279501D700380BE4 /* Debug */,
				93652423279501D700380BE4 /* Release */,
			);
			defaultConfigurationIsVisible = 0;
			defaultConfigurationName = Release;
		};
		93652424279501D700380BE4 /* Build configuration list for PBXNativeTarget "PlayoffLeaderboard" */ = {
			isa = XCConfigurationList;
			buildConfigurations = (
				93652425279501D700380BE4 /* Debug */,
				93652426279501D700380BE4 /* Release */,
			);
			defaultConfigurationIsVisible = 0;
			defaultConfigurationName = Release;
		};
		93652427279501D700380BE4 /* Build configuration list for PBXNativeTarget "PlayoffLeaderboardTests" */ = {
			isa = XCConfigurationList;
			buildConfigurations = (
				93652428279501D700380BE4 /* Debug */,
				93652429279501D700380BE4 /* Release */,
			);
			defaultConfigurationIsVisible = 0;
			defaultConfigurationName = Release;
		};
		9365242A279501D700380BE4 /* Build configuration list for PBXNativeTarget "PlayoffLeaderboardUITests" */ = {
			isa = XCConfigurationList;
			buildConfigurations = (
				9365242B279501D700380BE4 /* Debug */,
				9365242C279501D700380BE4 /* Release */,
			);
			defaultConfigurationIsVisible = 0;
			defaultConfigurationName = Release;
		};
/* End XCConfigurationList section */
	};
	rootObject = 936523F8279501D500380BE4 /* Project object */;
}
